
Microsoft Visual Studio Solution File, Format Version 12.00
# Visual Studio 15
VisualStudioVersion = 15.0.26730.12
MinimumVisualStudioVersion = 10.0.40219.1
Project("{FAE04EC0-301F-11D3-BF4B-00C04F79EFBC}") = "AutoWebShop", "AutoWebShop\AutoWebShop.csproj", "{FA9EC7B7-ED29-4D95-B7C6-EA523FE6DB50}"
EndProject
Project("{FAE04EC0-301F-11D3-BF4B-00C04F79EFBC}") = "AutoWebShopEntity", "AutoWebShopEntity\AutoWebShopEntity.csproj", "{0A217E7D-F2A9-4A2B-9CF0-4F4F67A819BF}"
EndProject
Project("{FAE04EC0-301F-11D3-BF4B-00C04F79EFBC}") = "AutoWebShop.Test", "AutoWebShop.Test\AutoWebShop.Test.csproj", "{0FAF3C5C-5DFC-491D-BBB1-9C937F8B5632}"
EndProject
Global
	GlobalSection(SolutionConfigurationPlatforms) = preSolution
		Debug|Any CPU = Debug|Any CPU
		Release|Any CPU = Release|Any CPU
	EndGlobalSection
	GlobalSection(ProjectConfigurationPlatforms) = postSolution
		{FA9EC7B7-ED29-4D95-B7C6-EA523FE6DB50}.Debug|Any CPU.ActiveCfg = Debug|Any CPU
		{FA9EC7B7-ED29-4D95-B7C6-EA523FE6DB50}.Debug|Any CPU.Build.0 = Debug|Any CPU
		{FA9EC7B7-ED29-4D95-B7C6-EA523FE6DB50}.Release|Any CPU.ActiveCfg = Release|Any CPU
		{FA9EC7B7-ED29-4D95-B7C6-EA523FE6DB50}.Release|Any CPU.Build.0 = Release|Any CPU
		{0A217E7D-F2A9-4A2B-9CF0-4F4F67A819BF}.Debug|Any CPU.ActiveCfg = Debug|Any CPU
		{0A217E7D-F2A9-4A2B-9CF0-4F4F67A819BF}.Debug|Any CPU.Build.0 = Debug|Any CPU
		{0A217E7D-F2A9-4A2B-9CF0-4F4F67A819BF}.Release|Any CPU.ActiveCfg = Release|Any CPU
		{0A217E7D-F2A9-4A2B-9CF0-4F4F67A819BF}.Release|Any CPU.Build.0 = Release|Any CPU
		{0FAF3C5C-5DFC-491D-BBB1-9C937F8B5632}.Debug|Any CPU.ActiveCfg = Debug|Any CPU
		{0FAF3C5C-5DFC-491D-BBB1-9C937F8B5632}.Debug|Any CPU.Build.0 = Debug|Any CPU
		{0FAF3C5C-5DFC-491D-BBB1-9C937F8B5632}.Release|Any CPU.ActiveCfg = Release|Any CPU
		{0FAF3C5C-5DFC-491D-BBB1-9C937F8B5632}.Release|Any CPU.Build.0 = Release|Any CPU
	EndGlobalSection
	GlobalSection(SolutionProperties) = preSolution
		HideSolutionNode = FALSE
	EndGlobalSection
	GlobalSection(ExtensibilityGlobals) = postSolution
		SolutionGuid = {566B5216-AC6B-4CDF-A5E6-80E88771F647}
	EndGlobalSection
EndGlobal
